// !$*UTF8*$!
{
	archiveVersion = 1;
	classes = {
	};
	objectVersion = 52;
	objects = {

/* Begin PBXBuildFile section */
		52055E2D259DE553003BACAF /* HandymanApp.swift in Sources */ = {isa = PBXBuildFile; fileRef = 52055E2C259DE553003BACAF /* HandymanApp.swift */; };
		52055E2F259DE553003BACAF /* ContentView.swift in Sources */ = {isa = PBXBuildFile; fileRef = 52055E2E259DE553003BACAF /* ContentView.swift */; };
		52055E31259DE554003BACAF /* Assets.xcassets in Resources */ = {isa = PBXBuildFile; fileRef = 52055E30259DE554003BACAF /* Assets.xcassets */; };
		52055E34259DE554003BACAF /* Preview Assets.xcassets in Resources */ = {isa = PBXBuildFile; fileRef = 52055E33259DE554003BACAF /* Preview Assets.xcassets */; };
		52055E3E259DE949003BACAF /* FirebaseFunctions in Frameworks */ = {isa = PBXBuildFile; productRef = 52055E3D259DE949003BACAF /* FirebaseFunctions */; };
		52055E40259DE949003BACAF /* FirebaseMessaging in Frameworks */ = {isa = PBXBuildFile; productRef = 52055E3F259DE949003BACAF /* FirebaseMessaging */; };
		52055E42259DE949003BACAF /* FirebaseAuth in Frameworks */ = {isa = PBXBuildFile; productRef = 52055E41259DE949003BACAF /* FirebaseAuth */; };
		52055E44259DE949003BACAF /* FirebaseFirestore in Frameworks */ = {isa = PBXBuildFile; productRef = 52055E43259DE949003BACAF /* FirebaseFirestore */; };
		52055E46259DE949003BACAF /* FirebaseStorage in Frameworks */ = {isa = PBXBuildFile; productRef = 52055E45259DE949003BACAF /* FirebaseStorage */; };
		52055E64259DF5D2003BACAF /* JobsView.swift in Sources */ = {isa = PBXBuildFile; fileRef = 52055E4C259DF5D2003BACAF /* JobsView.swift */; };
		52055E65259DF5D2003BACAF /* RegistrationView.swift in Sources */ = {isa = PBXBuildFile; fileRef = 52055E4E259DF5D2003BACAF /* RegistrationView.swift */; };
		52055E66259DF5D2003BACAF /* LoginView.swift in Sources */ = {isa = PBXBuildFile; fileRef = 52055E4F259DF5D2003BACAF /* LoginView.swift */; };
		52055E67259DF5D2003BACAF /* AuthView.swift in Sources */ = {isa = PBXBuildFile; fileRef = 52055E50259DF5D2003BACAF /* AuthView.swift */; };
		52055E68259DF5D2003BACAF /* LoggedOutView.swift in Sources */ = {isa = PBXBuildFile; fileRef = 52055E51259DF5D2003BACAF /* LoggedOutView.swift */; };
		52055E69259DF5D2003BACAF /* ProfileView.swift in Sources */ = {isa = PBXBuildFile; fileRef = 52055E53259DF5D2003BACAF /* ProfileView.swift */; };
		52055E6A259DF5D2003BACAF /* UICustomImagePicker.swift in Sources */ = {isa = PBXBuildFile; fileRef = 52055E55259DF5D2003BACAF /* UICustomImagePicker.swift */; };
		52055E6B259DF5D2003BACAF /* Users.swift in Sources */ = {isa = PBXBuildFile; fileRef = 52055E57259DF5D2003BACAF /* Users.swift */; };
		52055E6C259DF5D2003BACAF /* UsersView.swift in Sources */ = {isa = PBXBuildFile; fileRef = 52055E58259DF5D2003BACAF /* UsersView.swift */; };
		52055E6D259DF5D2003BACAF /* User.swift in Sources */ = {isa = PBXBuildFile; fileRef = 52055E59259DF5D2003BACAF /* User.swift */; };
		52055E6F259DF5D2003BACAF /* Messages.swift in Sources */ = {isa = PBXBuildFile; fileRef = 52055E5D259DF5D2003BACAF /* Messages.swift */; };
		52055E70259DF5D2003BACAF /* Message.swift in Sources */ = {isa = PBXBuildFile; fileRef = 52055E5E259DF5D2003BACAF /* Message.swift */; };
		52055E71259DF5D2003BACAF /* MessagesView.swift in Sources */ = {isa = PBXBuildFile; fileRef = 52055E5F259DF5D2003BACAF /* MessagesView.swift */; };
		52055E72259DF5D2003BACAF /* Chat.swift in Sources */ = {isa = PBXBuildFile; fileRef = 52055E61259DF5D2003BACAF /* Chat.swift */; };
		52055E73259DF5D2003BACAF /* ChatsView.swift in Sources */ = {isa = PBXBuildFile; fileRef = 52055E62259DF5D2003BACAF /* ChatsView.swift */; };
		52055E74259DF5D2003BACAF /* Chats.swift in Sources */ = {isa = PBXBuildFile; fileRef = 52055E63259DF5D2003BACAF /* Chats.swift */; };
		52055E7A259DFD34003BACAF /* NewJobView.swift in Sources */ = {isa = PBXBuildFile; fileRef = 52055E79259DFD34003BACAF /* NewJobView.swift */; };
		52055E7D259DFDD9003BACAF /* Job.swift in Sources */ = {isa = PBXBuildFile; fileRef = 52055E7C259DFDD9003BACAF /* Job.swift */; };
		52055E80259DFE00003BACAF /* Jobs.swift in Sources */ = {isa = PBXBuildFile; fileRef = 52055E7F259DFE00003BACAF /* Jobs.swift */; };
		52055E83259E0263003BACAF /* GoogleService-Info.plist in Resources */ = {isa = PBXBuildFile; fileRef = 52055E82259E0263003BACAF /* GoogleService-Info.plist */; };
		52055E88259E09D0003BACAF /* AppDelegate.swift in Sources */ = {isa = PBXBuildFile; fileRef = 52055E87259E09D0003BACAF /* AppDelegate.swift */; };
/* End PBXBuildFile section */

/* Begin PBXFileReference section */
		52055E29259DE553003BACAF /* Handyman.app */ = {isa = PBXFileReference; explicitFileType = wrapper.application; includeInIndex = 0; path = Handyman.app; sourceTree = BUILT_PRODUCTS_DIR; };
		52055E2C259DE553003BACAF /* HandymanApp.swift */ = {isa = PBXFileReference; lastKnownFileType = sourcecode.swift; path = HandymanApp.swift; sourceTree = "<group>"; };
		52055E2E259DE553003BACAF /* ContentView.swift */ = {isa = PBXFileReference; lastKnownFileType = sourcecode.swift; path = ContentView.swift; sourceTree = "<group>"; };
		52055E30259DE554003BACAF /* Assets.xcassets */ = {isa = PBXFileReference; lastKnownFileType = folder.assetcatalog; path = Assets.xcassets; sourceTree = "<group>"; };
		52055E33259DE554003BACAF /* Preview Assets.xcassets */ = {isa = PBXFileReference; lastKnownFileType = folder.assetcatalog; path = "Preview Assets.xcassets"; sourceTree = "<group>"; };
		52055E35259DE554003BACAF /* Info.plist */ = {isa = PBXFileReference; lastKnownFileType = text.plist.xml; path = Info.plist; sourceTree = "<group>"; };
		52055E4C259DF5D2003BACAF /* JobsView.swift */ = {isa = PBXFileReference; fileEncoding = 4; lastKnownFileType = sourcecode.swift; path = JobsView.swift; sourceTree = "<group>"; };
		52055E4E259DF5D2003BACAF /* RegistrationView.swift */ = {isa = PBXFileReference; fileEncoding = 4; lastKnownFileType = sourcecode.swift; path = RegistrationView.swift; sourceTree = "<group>"; };
		52055E4F259DF5D2003BACAF /* LoginView.swift */ = {isa = PBXFileReference; fileEncoding = 4; lastKnownFileType = sourcecode.swift; path = LoginView.swift; sourceTree = "<group>"; };
		52055E50259DF5D2003BACAF /* AuthView.swift */ = {isa = PBXFileReference; fileEncoding = 4; lastKnownFileType = sourcecode.swift; path = AuthView.swift; sourceTree = "<group>"; };
		52055E51259DF5D2003BACAF /* LoggedOutView.swift */ = {isa = PBXFileReference; fileEncoding = 4; lastKnownFileType = sourcecode.swift; path = LoggedOutView.swift; sourceTree = "<group>"; };
		52055E53259DF5D2003BACAF /* ProfileView.swift */ = {isa = PBXFileReference; fileEncoding = 4; lastKnownFileType = sourcecode.swift; path = ProfileView.swift; sourceTree = "<group>"; };
		52055E55259DF5D2003BACAF /* UICustomImagePicker.swift */ = {isa = PBXFileReference; fileEncoding = 4; lastKnownFileType = sourcecode.swift; path = UICustomImagePicker.swift; sourceTree = "<group>"; };
		52055E57259DF5D2003BACAF /* Users.swift */ = {isa = PBXFileReference; fileEncoding = 4; lastKnownFileType = sourcecode.swift; path = Users.swift; sourceTree = "<group>"; };
		52055E58259DF5D2003BACAF /* UsersView.swift */ = {isa = PBXFileReference; fileEncoding = 4; lastKnownFileType = sourcecode.swift; path = UsersView.swift; sourceTree = "<group>"; };
		52055E59259DF5D2003BACAF /* User.swift */ = {isa = PBXFileReference; fileEncoding = 4; lastKnownFileType = sourcecode.swift; path = User.swift; sourceTree = "<group>"; };
		52055E5D259DF5D2003BACAF /* Messages.swift */ = {isa = PBXFileReference; fileEncoding = 4; lastKnownFileType = sourcecode.swift; path = Messages.swift; sourceTree = "<group>"; };
		52055E5E259DF5D2003BACAF /* Message.swift */ = {isa = PBXFileReference; fileEncoding = 4; lastKnownFileType = sourcecode.swift; path = Message.swift; sourceTree = "<group>"; };
		52055E5F259DF5D2003BACAF /* MessagesView.swift */ = {isa = PBXFileReference; fileEncoding = 4; lastKnownFileType = sourcecode.swift; path = MessagesView.swift; sourceTree = "<group>"; };
		52055E61259DF5D2003BACAF /* Chat.swift */ = {isa = PBXFileReference; fileEncoding = 4; lastKnownFileType = sourcecode.swift; path = Chat.swift; sourceTree = "<group>"; };
		52055E62259DF5D2003BACAF /* ChatsView.swift */ = {isa = PBXFileReference; fileEncoding = 4; lastKnownFileType = sourcecode.swift; path = ChatsView.swift; sourceTree = "<group>"; };
		52055E63259DF5D2003BACAF /* Chats.swift */ = {isa = PBXFileReference; fileEncoding = 4; lastKnownFileType = sourcecode.swift; path = Chats.swift; sourceTree = "<group>"; };
		52055E79259DFD34003BACAF /* NewJobView.swift */ = {isa = PBXFileReference; lastKnownFileType = sourcecode.swift; path = NewJobView.swift; sourceTree = "<group>"; };
		52055E7C259DFDD9003BACAF /* Job.swift */ = {isa = PBXFileReference; lastKnownFileType = sourcecode.swift; path = Job.swift; sourceTree = "<group>"; };
		52055E7F259DFE00003BACAF /* Jobs.swift */ = {isa = PBXFileReference; lastKnownFileType = sourcecode.swift; path = Jobs.swift; sourceTree = "<group>"; };
		52055E82259E0263003BACAF /* GoogleService-Info.plist */ = {isa = PBXFileReference; fileEncoding = 4; lastKnownFileType = text.plist.xml; path = "GoogleService-Info.plist"; sourceTree = "<group>"; };
		52055E87259E09D0003BACAF /* AppDelegate.swift */ = {isa = PBXFileReference; lastKnownFileType = sourcecode.swift; path = AppDelegate.swift; sourceTree = "<group>"; };
/* End PBXFileReference section */

/* Begin PBXFrameworksBuildPhase section */
		52055E26259DE553003BACAF /* Frameworks */ = {
			isa = PBXFrameworksBuildPhase;
			buildActionMask = 2147483647;
			files = (
				52055E40259DE949003BACAF /* FirebaseMessaging in Frameworks */,
				52055E44259DE949003BACAF /* FirebaseFirestore in Frameworks */,
				52055E42259DE949003BACAF /* FirebaseAuth in Frameworks */,
				52055E46259DE949003BACAF /* FirebaseStorage in Frameworks */,
				52055E3E259DE949003BACAF /* FirebaseFunctions in Frameworks */,
			);
			runOnlyForDeploymentPostprocessing = 0;
		};
/* End PBXFrameworksBuildPhase section */

/* Begin PBXGroup section */
		52055E20259DE553003BACAF = {
			isa = PBXGroup;
			children = (
				52055E2B259DE553003BACAF /* Handyman */,
				52055E2A259DE553003BACAF /* Products */,
			);
			sourceTree = "<group>";
		};
		52055E2A259DE553003BACAF /* Products */ = {
			isa = PBXGroup;
			children = (
				52055E29259DE553003BACAF /* Handyman.app */,
			);
			name = Products;
			sourceTree = "<group>";
		};
		52055E2B259DE553003BACAF /* Handyman */ = {
			isa = PBXGroup;
			children = (
				52055E2E259DE553003BACAF /* ContentView.swift */,
				52055E4D259DF5D2003BACAF /* Auth */,
				52055E5B259DF5D2003BACAF /* Chat */,
				52055E4B259DF5D2003BACAF /* Jobs */,
				52055E52259DF5D2003BACAF /* Profile */,
				52055E56259DF5D2003BACAF /* Users */,
				52055E54259DF5D2003BACAF /* Utiilities */,
				52055E2C259DE553003BACAF /* HandymanApp.swift */,
				52055E87259E09D0003BACAF /* AppDelegate.swift */,
				52055E30259DE554003BACAF /* Assets.xcassets */,
				52055E35259DE554003BACAF /* Info.plist */,
				52055E82259E0263003BACAF /* GoogleService-Info.plist */,
				52055E32259DE554003BACAF /* Preview Content */,
			);
			path = Handyman;
			sourceTree = "<group>";
		};
		52055E32259DE554003BACAF /* Preview Content */ = {
			isa = PBXGroup;
			children = (
				52055E33259DE554003BACAF /* Preview Assets.xcassets */,
			);
			path = "Preview Content";
			sourceTree = "<group>";
		};
		52055E4B259DF5D2003BACAF /* Jobs */ = {
			isa = PBXGroup;
			children = (
				52055E4C259DF5D2003BACAF /* JobsView.swift */,
				52055E79259DFD34003BACAF /* NewJobView.swift */,
				52055E7C259DFDD9003BACAF /* Job.swift */,
				52055E7F259DFE00003BACAF /* Jobs.swift */,
			);
			path = Jobs;
			sourceTree = "<group>";
		};
		52055E4D259DF5D2003BACAF /* Auth */ = {
			isa = PBXGroup;
			children = (
				52055E4E259DF5D2003BACAF /* RegistrationView.swift */,
				52055E4F259DF5D2003BACAF /* LoginView.swift */,
				52055E50259DF5D2003BACAF /* AuthView.swift */,
				52055E51259DF5D2003BACAF /* LoggedOutView.swift */,
			);
			path = Auth;
			sourceTree = "<group>";
		};
		52055E52259DF5D2003BACAF /* Profile */ = {
			isa = PBXGroup;
			children = (
				52055E53259DF5D2003BACAF /* ProfileView.swift */,
			);
			path = Profile;
			sourceTree = "<group>";
		};
		52055E54259DF5D2003BACAF /* Utiilities */ = {
			isa = PBXGroup;
			children = (
				52055E55259DF5D2003BACAF /* UICustomImagePicker.swift */,
			);
			path = Utiilities;
			sourceTree = "<group>";
		};
		52055E56259DF5D2003BACAF /* Users */ = {
			isa = PBXGroup;
			children = (
				52055E57259DF5D2003BACAF /* Users.swift */,
				52055E58259DF5D2003BACAF /* UsersView.swift */,
				52055E59259DF5D2003BACAF /* User.swift */,
			);
			path = Users;
			sourceTree = "<group>";
		};
		52055E5B259DF5D2003BACAF /* Chat */ = {
			isa = PBXGroup;
			children = (
				52055E5C259DF5D2003BACAF /* Messages */,
				52055E60259DF5D2003BACAF /* Chats */,
			);
			path = Chat;
			sourceTree = "<group>";
		};
		52055E5C259DF5D2003BACAF /* Messages */ = {
			isa = PBXGroup;
			children = (
				52055E5D259DF5D2003BACAF /* Messages.swift */,
				52055E5E259DF5D2003BACAF /* Message.swift */,
				52055E5F259DF5D2003BACAF /* MessagesView.swift */,
			);
			path = Messages;
			sourceTree = "<group>";
		};
		52055E60259DF5D2003BACAF /* Chats */ = {
			isa = PBXGroup;
			children = (
				52055E61259DF5D2003BACAF /* Chat.swift */,
				52055E62259DF5D2003BACAF /* ChatsView.swift */,
				52055E63259DF5D2003BACAF /* Chats.swift */,
			);
			path = Chats;
			sourceTree = "<group>";
		};
/* End PBXGroup section */

/* Begin PBXNativeTarget section */
		52055E28259DE553003BACAF /* Handyman */ = {
			isa = PBXNativeTarget;
			buildConfigurationList = 52055E38259DE554003BACAF /* Build configuration list for PBXNativeTarget "Handyman" */;
			buildPhases = (
				52055E25259DE553003BACAF /* Sources */,
				52055E26259DE553003BACAF /* Frameworks */,
				52055E27259DE553003BACAF /* Resources */,
			);
			buildRules = (
			);
			dependencies = (
			);
			name = Handyman;
			packageProductDependencies = (
				52055E3D259DE949003BACAF /* FirebaseFunctions */,
				52055E3F259DE949003BACAF /* FirebaseMessaging */,
				52055E41259DE949003BACAF /* FirebaseAuth */,
				52055E43259DE949003BACAF /* FirebaseFirestore */,
				52055E45259DE949003BACAF /* FirebaseStorage */,
			);
			productName = Handyman;
			productReference = 52055E29259DE553003BACAF /* Handyman.app */;
			productType = "com.apple.product-type.application";
		};
/* End PBXNativeTarget section */

/* Begin PBXProject section */
		52055E21259DE553003BACAF /* Project object */ = {
			isa = PBXProject;
			attributes = {
				LastSwiftUpdateCheck = 1230;
				LastUpgradeCheck = 1230;
				TargetAttributes = {
					52055E28259DE553003BACAF = {
						CreatedOnToolsVersion = 12.3;
					};
				};
			};
			buildConfigurationList = 52055E24259DE553003BACAF /* Build configuration list for PBXProject "Handyman" */;
			compatibilityVersion = "Xcode 9.3";
			developmentRegion = en;
			hasScannedForEncodings = 0;
			knownRegions = (
				en,
				Base,
			);
			mainGroup = 52055E20259DE553003BACAF;
			packageReferences = (
				52055E3C259DE949003BACAF /* XCRemoteSwiftPackageReference "firebase-ios-sdk" */,
			);
			productRefGroup = 52055E2A259DE553003BACAF /* Products */;
			projectDirPath = "";
			projectRoot = "";
			targets = (
				52055E28259DE553003BACAF /* Handyman */,
			);
		};
/* End PBXProject section */

/* Begin PBXResourcesBuildPhase section */
		52055E27259DE553003BACAF /* Resources */ = {
			isa = PBXResourcesBuildPhase;
			buildActionMask = 2147483647;
			files = (
				52055E34259DE554003BACAF /* Preview Assets.xcassets in Resources */,
				52055E31259DE554003BACAF /* Assets.xcassets in Resources */,
				52055E83259E0263003BACAF /* GoogleService-Info.plist in Resources */,
			);
			runOnlyForDeploymentPostprocessing = 0;
		};
/* End PBXResourcesBuildPhase section */

/* Begin PBXSourcesBuildPhase section */
		52055E25259DE553003BACAF /* Sources */ = {
			isa = PBXSourcesBuildPhase;
			buildActionMask = 2147483647;
			files = (
				52055E88259E09D0003BACAF /* AppDelegate.swift in Sources */,
				52055E71259DF5D2003BACAF /* MessagesView.swift in Sources */,
				52055E69259DF5D2003BACAF /* ProfileView.swift in Sources */,
				52055E72259DF5D2003BACAF /* Chat.swift in Sources */,
				52055E80259DFE00003BACAF /* Jobs.swift in Sources */,
				52055E68259DF5D2003BACAF /* LoggedOutView.swift in Sources */,
				52055E6B259DF5D2003BACAF /* Users.swift in Sources */,
				52055E6F259DF5D2003BACAF /* Messages.swift in Sources */,
				52055E73259DF5D2003BACAF /* ChatsView.swift in Sources */,
				52055E64259DF5D2003BACAF /* JobsView.swift in Sources */,
				52055E6A259DF5D2003BACAF /* UICustomImagePicker.swift in Sources */,
				52055E2F259DE553003BACAF /* ContentView.swift in Sources */,
				52055E67259DF5D2003BACAF /* AuthView.swift in Sources */,
				52055E2D259DE553003BACAF /* HandymanApp.swift in Sources */,
				52055E6D259DF5D2003BACAF /* User.swift in Sources */,
				52055E74259DF5D2003BACAF /* Chats.swift in Sources */,
				52055E66259DF5D2003BACAF /* LoginView.swift in Sources */,
				52055E7A259DFD34003BACAF /* NewJobView.swift in Sources */,
				52055E70259DF5D2003BACAF /* Message.swift in Sources */,
				52055E6C259DF5D2003BACAF /* UsersView.swift in Sources */,
				52055E65259DF5D2003BACAF /* RegistrationView.swift in Sources */,
				52055E7D259DFDD9003BACAF /* Job.swift in Sources */,
			);
			runOnlyForDeploymentPostprocessing = 0;
		};
/* End PBXSourcesBuildPhase section */

/* Begin XCBuildConfiguration section */
		52055E36259DE554003BACAF /* Debug */ = {
			isa = XCBuildConfiguration;
			buildSettings = {
				ALWAYS_SEARCH_USER_PATHS = NO;
				CLANG_ANALYZER_NONNULL = YES;
				CLANG_ANALYZER_NUMBER_OBJECT_CONVERSION = YES_AGGRESSIVE;
				CLANG_CXX_LANGUAGE_STANDARD = "gnu++14";
				CLANG_CXX_LIBRARY = "libc++";
				CLANG_ENABLE_MODULES = YES;
				CLANG_ENABLE_OBJC_ARC = YES;
				CLANG_ENABLE_OBJC_WEAK = YES;
				CLANG_WARN_BLOCK_CAPTURE_AUTORELEASING = YES;
				CLANG_WARN_BOOL_CONVERSION = YES;
				CLANG_WARN_COMMA = YES;
				CLANG_WARN_CONSTANT_CONVERSION = YES;
				CLANG_WARN_DEPRECATED_OBJC_IMPLEMENTATIONS = YES;
				CLANG_WARN_DIRECT_OBJC_ISA_USAGE = YES_ERROR;
				CLANG_WARN_DOCUMENTATION_COMMENTS = YES;
				CLANG_WARN_EMPTY_BODY = YES;
				CLANG_WARN_ENUM_CONVERSION = YES;
				CLANG_WARN_INFINITE_RECURSION = YES;
				CLANG_WARN_INT_CONVERSION = YES;
				CLANG_WARN_NON_LITERAL_NULL_CONVERSION = YES;
				CLANG_WARN_OBJC_IMPLICIT_RETAIN_SELF = YES;
				CLANG_WARN_OBJC_LITERAL_CONVERSION = YES;
				CLANG_WARN_OBJC_ROOT_CLASS = YES_ERROR;
				CLANG_WARN_QUOTED_INCLUDE_IN_FRAMEWORK_HEADER = YES;
				CLANG_WARN_RANGE_LOOP_ANALYSIS = YES;
				CLANG_WARN_STRICT_PROTOTYPES = YES;
				CLANG_WARN_SUSPICIOUS_MOVE = YES;
				CLANG_WARN_UNGUARDED_AVAILABILITY = YES_AGGRESSIVE;
				CLANG_WARN_UNREACHABLE_CODE = YES;
				CLANG_WARN__DUPLICATE_METHOD_MATCH = YES;
				COPY_PHASE_STRIP = NO;
				DEBUG_INFORMATION_FORMAT = dwarf;
				ENABLE_STRICT_OBJC_MSGSEND = YES;
				ENABLE_TESTABILITY = YES;
				GCC_C_LANGUAGE_STANDARD = gnu11;
				GCC_DYNAMIC_NO_PIC = NO;
				GCC_NO_COMMON_BLOCKS = YES;
				GCC_OPTIMIZATION_LEVEL = 0;
				GCC_PREPROCESSOR_DEFINITIONS = (
					"DEBUG=1",
					"$(inherited)",
				);
				GCC_WARN_64_TO_32_BIT_CONVERSION = YES;
				GCC_WARN_ABOUT_RETURN_TYPE = YES_ERROR;
				GCC_WARN_UNDECLARED_SELECTOR = YES;
				GCC_WARN_UNINITIALIZED_AUTOS = YES_AGGRESSIVE;
				GCC_WARN_UNUSED_FUNCTION = YES;
				GCC_WARN_UNUSED_VARIABLE = YES;
				IPHONEOS_DEPLOYMENT_TARGET = 14.3;
				MTL_ENABLE_DEBUG_INFO = INCLUDE_SOURCE;
				MTL_FAST_MATH = YES;
				ONLY_ACTIVE_ARCH = YES;
				SDKROOT = iphoneos;
				SWIFT_ACTIVE_COMPILATION_CONDITIONS = DEBUG;
				SWIFT_OPTIMIZATION_LEVEL = "-Onone";
			};
			name = Debug;
		};
		52055E37259DE554003BACAF /* Release */ = {
			isa = XCBuildConfiguration;
			buildSettings = {
				ALWAYS_SEARCH_USER_PATHS = NO;
				CLANG_ANALYZER_NONNULL = YES;
				CLANG_ANALYZER_NUMBER_OBJECT_CONVERSION = YES_AGGRESSIVE;
				CLANG_CXX_LANGUAGE_STANDARD = "gnu++14";
				CLANG_CXX_LIBRARY = "libc++";
				CLANG_ENABLE_MODULES = YES;
				CLANG_ENABLE_OBJC_ARC = YES;
				CLANG_ENABLE_OBJC_WEAK = YES;
				CLANG_WARN_BLOCK_CAPTURE_AUTORELEASING = YES;
				CLANG_WARN_BOOL_CONVERSION = YES;
				CLANG_WARN_COMMA = YES;
				CLANG_WARN_CONSTANT_CONVERSION = YES;
				CLANG_WARN_DEPRECATED_OBJC_IMPLEMENTATIONS = YES;
				CLANG_WARN_DIRECT_OBJC_ISA_USAGE = YES_ERROR;
				CLANG_WARN_DOCUMENTATION_COMMENTS = YES;
				CLANG_WARN_EMPTY_BODY = YES;
				CLANG_WARN_ENUM_CONVERSION = YES;
				CLANG_WARN_INFINITE_RECURSION = YES;
				CLANG_WARN_INT_CONVERSION = YES;
				CLANG_WARN_NON_LITERAL_NULL_CONVERSION = YES;
				CLANG_WARN_OBJC_IMPLICIT_RETAIN_SELF = YES;
				CLANG_WARN_OBJC_LITERAL_CONVERSION = YES;
				CLANG_WARN_OBJC_ROOT_CLASS = YES_ERROR;
				CLANG_WARN_QUOTED_INCLUDE_IN_FRAMEWORK_HEADER = YES;
				CLANG_WARN_RANGE_LOOP_ANALYSIS = YES;
				CLANG_WARN_STRICT_PROTOTYPES = YES;
				CLANG_WARN_SUSPICIOUS_MOVE = YES;
				CLANG_WARN_UNGUARDED_AVAILABILITY = YES_AGGRESSIVE;
				CLANG_WARN_UNREACHABLE_CODE = YES;
				CLANG_WARN__DUPLICATE_METHOD_MATCH = YES;
				COPY_PHASE_STRIP = NO;
				DEBUG_INFORMATION_FORMAT = "dwarf-with-dsym";
				ENABLE_NS_ASSERTIONS = NO;
				ENABLE_STRICT_OBJC_MSGSEND = YES;
				GCC_C_LANGUAGE_STANDARD = gnu11;
				GCC_NO_COMMON_BLOCKS = YES;
				GCC_WARN_64_TO_32_BIT_CONVERSION = YES;
				GCC_WARN_ABOUT_RETURN_TYPE = YES_ERROR;
				GCC_WARN_UNDECLARED_SELECTOR = YES;
				GCC_WARN_UNINITIALIZED_AUTOS = YES_AGGRESSIVE;
				GCC_WARN_UNUSED_FUNCTION = YES;
				GCC_WARN_UNUSED_VARIABLE = YES;
				IPHONEOS_DEPLOYMENT_TARGET = 14.3;
				MTL_ENABLE_DEBUG_INFO = NO;
				MTL_FAST_MATH = YES;
				SDKROOT = iphoneos;
				SWIFT_COMPILATION_MODE = wholemodule;
				SWIFT_OPTIMIZATION_LEVEL = "-O";
				VALIDATE_PRODUCT = YES;
			};
			name = Release;
		};
		52055E39259DE554003BACAF /* Debug */ = {
			isa = XCBuildConfiguration;
			buildSettings = {
				ASSETCATALOG_COMPILER_APPICON_NAME = AppIcon;
				ASSETCATALOG_COMPILER_GLOBAL_ACCENT_COLOR_NAME = AccentColor;
				CODE_SIGN_STYLE = Automatic;
				DEVELOPMENT_ASSET_PATHS = "\"Handyman/Preview Content\"";
				DEVELOPMENT_TEAM = 5GX5QQB56U;
				ENABLE_PREVIEWS = YES;
				INFOPLIST_FILE = Handyman/Info.plist;
				IPHONEOS_DEPLOYMENT_TARGET = 14.0;
				LD_RUNPATH_SEARCH_PATHS = (
					"$(inherited)",
					"@executable_path/Frameworks",
				);
				PRODUCT_BUNDLE_IDENTIFIER = com.sorin.handyman;
				PRODUCT_NAME = "$(TARGET_NAME)";
				SWIFT_VERSION = 5.0;
				TARGETED_DEVICE_FAMILY = "1,2";
			};
			name = Debug;
		};
		52055E3A259DE554003BACAF /* Release */ = {
			isa = XCBuildConfiguration;
			buildSettings = {
				ASSETCATALOG_COMPILER_APPICON_NAME = AppIcon;
				ASSETCATALOG_COMPILER_GLOBAL_ACCENT_COLOR_NAME = AccentColor;
				CODE_SIGN_STYLE = Automatic;
				DEVELOPMENT_ASSET_PATHS = "\"Handyman/Preview Content\"";
				DEVELOPMENT_TEAM = 5GX5QQB56U;
				ENABLE_PREVIEWS = YES;
				INFOPLIST_FILE = Handyman/Info.plist;
				IPHONEOS_DEPLOYMENT_TARGET = 14.0;
				LD_RUNPATH_SEARCH_PATHS = (
					"$(inherited)",
					"@executable_path/Frameworks",
				);
				PRODUCT_BUNDLE_IDENTIFIER = com.sorin.handyman;
				PRODUCT_NAME = "$(TARGET_NAME)";
				SWIFT_VERSION = 5.0;
				TARGETED_DEVICE_FAMILY = "1,2";
			};
			name = Release;
		};
/* End XCBuildConfiguration section */

/* Begin XCConfigurationList section */
		52055E24259DE553003BACAF /* Build configuration list for PBXProject "Handyman" */ = {
			isa = XCConfigurationList;
			buildConfigurations = (
				52055E36259DE554003BACAF /* Debug */,
				52055E37259DE554003BACAF /* Release */,
			);
			defaultConfigurationIsVisible = 0;
			defaultConfigurationName = Release;
		};
		52055E38259DE554003BACAF /* Build configuration list for PBXNativeTarget "Handyman" */ = {
			isa = XCConfigurationList;
			buildConfigurations = (
				52055E39259DE554003BACAF /* Debug */,
				52055E3A259DE554003BACAF /* Release */,
			);
			defaultConfigurationIsVisible = 0;
			defaultConfigurationName = Release;
		};
/* End XCConfigurationList section */

/* Begin XCRemoteSwiftPackageReference section */
		52055E3C259DE949003BACAF /* XCRemoteSwiftPackageReference "firebase-ios-sdk" */ = {
			isa = XCRemoteSwiftPackageReference;
			repositoryURL = "https://github.com/firebase/firebase-ios-sdk.git";
			requirement = {
				kind = upToNextMajorVersion;
				minimumVersion = 7.3.1;
			};
		};
/* End XCRemoteSwiftPackageReference section */

/* Begin XCSwiftPackageProductDependency section */
		52055E3D259DE949003BACAF /* FirebaseFunctions */ = {
			isa = XCSwiftPackageProductDependency;
			package = 52055E3C259DE949003BACAF /* XCRemoteSwiftPackageReference "firebase-ios-sdk" */;
			productName = FirebaseFunctions;
		};
		52055E3F259DE949003BACAF /* FirebaseMessaging */ = {
			isa = XCSwiftPackageProductDependency;
			package = 52055E3C259DE949003BACAF /* XCRemoteSwiftPackageReference "firebase-ios-sdk" */;
			productName = FirebaseMessaging;
		};
		52055E41259DE949003BACAF /* FirebaseAuth */ = {
			isa = XCSwiftPackageProductDependency;
			package = 52055E3C259DE949003BACAF /* XCRemoteSwiftPackageReference "firebase-ios-sdk" */;
			productName = FirebaseAuth;
		};
		52055E43259DE949003BACAF /* FirebaseFirestore */ = {
			isa = XCSwiftPackageProductDependency;
			package = 52055E3C259DE949003BACAF /* XCRemoteSwiftPackageReference "firebase-ios-sdk" */;
			productName = FirebaseFirestore;
		};
		52055E45259DE949003BACAF /* FirebaseStorage */ = {
			isa = XCSwiftPackageProductDependency;
			package = 52055E3C259DE949003BACAF /* XCRemoteSwiftPackageReference "firebase-ios-sdk" */;
			productName = FirebaseStorage;
		};
/* End XCSwiftPackageProductDependency section */
	};
	rootObject = 52055E21259DE553003BACAF /* Project object */;
}
